# THIS IS AN AUTOGENERATED FILE. DO NOT EDIT THIS FILE DIRECTLY.
# yarn lockfile v1


"@types/commander@^2.9.0":
  version "2.11.0"
  resolved "https://registry.yarnpkg.com/@types/commander/-/commander-2.11.0.tgz#7fc765ccad14827e2babd6a99583359ff3e40563"
  dependencies:
    "@types/node" "*"

"@types/debug@^0.0.29":
  version "0.0.29"
  resolved "https://registry.yarnpkg.com/@types/debug/-/debug-0.0.29.tgz#a1e514adfbd92f03a224ba54d693111dbf1f3754"

"@types/lodash@^4.14.64":
  version "4.14.78"
  resolved "https://registry.yarnpkg.com/@types/lodash/-/lodash-4.14.78.tgz#f26a0b38a44a832c652964803c7e48be05939d3f"

"@types/node@*", "@types/node@^8.0.1":
  version "8.0.46"
  resolved "https://registry.yarnpkg.com/@types/node/-/node-8.0.46.tgz#6e1766b2d0ed06631d5b5f87bb8e72c8dbb6888e"

"@types/tmp@0.0.33":
  version "0.0.33"
  resolved "https://registry.yarnpkg.com/@types/tmp/-/tmp-0.0.33.tgz#1073c4bc824754ae3d10cfab88ab0237ba964e4d"

big.js@^3.1.3:
  version "3.2.0"
  resolved "https://registry.yarnpkg.com/big.js/-/big.js-3.2.0.tgz#a5fc298b81b9e0dca2e458824784b65c52ba588e"

bindings@^1.2.1:
  version "1.3.0"
  resolved "https://registry.yarnpkg.com/bindings/-/bindings-1.3.0.tgz#b346f6ecf6a95f5a815c5839fc7cdb22502f1ed7"

commander@^2.9.0:
  version "2.11.0"
  resolved "https://registry.yarnpkg.com/commander/-/commander-2.11.0.tgz#157152fd1e7a6c8d98a5b715cf376df928004563"

debug@^2.6.8:
  version "2.6.9"
  resolved "https://registry.yarnpkg.com/debug/-/debug-2.6.9.tgz#5d128515df134ff327e90a4c93f4e077a536341f"
  dependencies:
    ms "2.0.0"

emojis-list@^2.0.0:
  version "2.1.0"
  resolved "https://registry.yarnpkg.com/emojis-list/-/emojis-list-2.1.0.tgz#4daa4d9db00f9819880c79fa457ae5b09a1fd389"

json5@^0.5.0:
  version "0.5.1"
  resolved "https://registry.yarnpkg.com/json5/-/json5-0.5.1.tgz#1eade7acc012034ad84e2396767ead9fa5495821"

llvm-node@^2.0.3:
  version "2.0.4"
  resolved "https://registry.yarnpkg.com/llvm-node/-/llvm-node-2.0.4.tgz#d65efd346958f6febf7489254b2ee6f6fad8e452"
  dependencies:
    bindings "^1.2.1"
    nan "^2.6.2"

loader-utils@^1.1.0:
  version "1.1.0"
  resolved "https://registry.yarnpkg.com/loader-utils/-/loader-utils-1.1.0.tgz#c98aef488bcceda2ffb5e2de646d6a754429f5cd"
  dependencies:
    big.js "^3.1.3"
    emojis-list "^2.0.0"
    json5 "^0.5.0"

lodash@^4.17.4:
  version "4.17.4"
  resolved "https://registry.yarnpkg.com/lodash/-/lodash-4.17.4.tgz#78203a4d1c328ae1d86dca6460e369b57f4055ae"

ms@2.0.0:
  version "2.0.0"
  resolved "https://registry.yarnpkg.com/ms/-/ms-2.0.0.tgz#5608aeadfc00be6c2901df5f9861788de0d597c8"

nan@^2.6.2:
  version "2.7.0"
  resolved "https://registry.yarnpkg.com/nan/-/nan-2.7.0.tgz#d95bf721ec877e08db276ed3fc6eb78f9083ad46"

os-tmpdir@~1.0.1:
  version "1.0.2"
  resolved "https://registry.yarnpkg.com/os-tmpdir/-/os-tmpdir-1.0.2.tgz#bbe67406c79aa85c5cfec766fe5734555dfa1274"

speedyjs-compiler@^0.0.18:
  version v0.0.18
  resolved "https://registry.yarnpkg.com/speedyjs-compiler/-/speedyjs-compiler-0.0.18.tgz#ecb40a50ba4c205c4fdc09c7d916ada8cf61e7c3"
  dependencies:
    "@types/commander" "^2.9.0"
    "@types/debug" "^0.0.29"
    "@types/lodash" "^4.14.64"
    "@types/node" "^8.0.1"
    "@types/tmp" "0.0.33"
    commander "^2.9.0"
    debug "^2.6.8"
    llvm-node "^2.0.3"
    lodash "^4.17.4"
    speedyjs-runtime "^v0.0.18"
    tmp "0.0.31"
    typescript MichaReiser/TypeScript#2.3.3-with-int

speedyjs-runtime@^v0.0.18:
  version v0.0.18
  resolved "https://registry.yarnpkg.com/speedyjs-runtime/-/speedyjs-runtime-0.0.18.tgz#0d14abae2da19a8615ce620f3c472c501f6de719"
  dependencies:
    "@types/node" "^8.0.1"

tmp@0.0.31:
  version "0.0.31"
  resolved "https://registry.yarnpkg.com/tmp/-/tmp-0.0.31.tgz#8f38ab9438e17315e5dbd8b3657e8bfb277ae4a7"
  dependencies:
    os-tmpdir "~1.0.1"

typescript@MichaReiser/TypeScript#2.3.3-with-int, "typescript@github:MichaReiser/TypeScript#2.3.3-with-int":
  version "2.3.3"
  resolved "https://codeload.github.com/MichaReiser/TypeScript/tar.gz/e433e118f3502b072ebc8c7c5e1fc81a05fb803b"
